
Microsoft Visual Studio Solution File, Format Version 12.00
# Visual Studio Version 16
VisualStudioVersion = 16.0.31829.152
MinimumVisualStudioVersion = 10.0.40219.1
Project("{FAE04EC0-301F-11D3-BF4B-00C04F79EFBC}") = "PruebaDeploy", "PruebaDeploy\PruebaDeploy.csproj", "{21097187-9A98-41BA-B61D-CF9C13F3D66C}"
EndProject
Project("{FAE04EC0-301F-11D3-BF4B-00C04F79EFBC}") = "PruebaDeploy.Tests", "PruebaDeploy.Tests\PruebaDeploy.Tests.csproj", "{D6BA1527-7150-4BFA-AC8A-31393CCA9615}"
EndProject
Global
	GlobalSection(SolutionConfigurationPlatforms) = preSolution
		Debug|Any CPU = Debug|Any CPU
		Release|Any CPU = Release|Any CPU
	EndGlobalSection
	GlobalSection(ProjectConfigurationPlatforms) = postSolution
		{21097187-9A98-41BA-B61D-CF9C13F3D66C}.Debug|Any CPU.ActiveCfg = Debug|Any CPU
		{21097187-9A98-41BA-B61D-CF9C13F3D66C}.Debug|Any CPU.Build.0 = Debug|Any CPU
		{21097187-9A98-41BA-B61D-CF9C13F3D66C}.Release|Any CPU.ActiveCfg = Release|Any CPU
		{21097187-9A98-41BA-B61D-CF9C13F3D66C}.Release|Any CPU.Build.0 = Release|Any CPU
		{D6BA1527-7150-4BFA-AC8A-31393CCA9615}.Debug|Any CPU.ActiveCfg = Debug|Any CPU
		{D6BA1527-7150-4BFA-AC8A-31393CCA9615}.Debug|Any CPU.Build.0 = Debug|Any CPU
		{D6BA1527-7150-4BFA-AC8A-31393CCA9615}.Release|Any CPU.ActiveCfg = Release|Any CPU
		{D6BA1527-7150-4BFA-AC8A-31393CCA9615}.Release|Any CPU.Build.0 = Release|Any CPU
	EndGlobalSection
	GlobalSection(SolutionProperties) = preSolution
		HideSolutionNode = FALSE
	EndGlobalSection
	GlobalSection(ExtensibilityGlobals) = postSolution
		SolutionGuid = {FA758B2D-0926-4C61-A2E6-355DD4DDD93B}
	EndGlobalSection
EndGlobal
